{
  "name": "export-print",
  "version": "2.2.0",
  "lockfileVersion": 1,
  "requires": true,
  "dependencies": {
    "inkdrop-export-utils": {
      "version": "3.2.6",
      "resolved": "https://registry.npmjs.org/inkdrop-export-utils/-/inkdrop-export-utils-3.2.6.tgz",
      "integrity": "sha512-4f5otxwXUBULHVnc1p1MYMwUXNyO9jb0+IPKlN9ItOTWHR8QuuvGffxHLFHrjEJcV/cGkcHSTLYN575lQhCE9w==",
      "requires": {
        "inkdrop-model": "^2.5.0"
      }
    },
    "inkdrop-model": {
      "version": "2.5.0",
      "resolved": "https://registry.npmjs.org/inkdrop-model/-/inkdrop-model-2.5.0.tgz",
      "integrity": "sha512-nZvbP4/YR5fsaRvN0p4Xd3kAWSxpg8U4EK1Hh8WE90GfxoWM6c/pPHrq5zI/sYJHRC5rFiCZoL3p+F/OVGHG4A=="
    }
  }
}
