{
  "name": "export-print",
  "version": "2.2.0",
  "lockfileVersion": 1,
  "requires": true,
  "dependencies": {
    "inkdrop-export-utils": {
      "version": "3.2.7",
      "resolved": "https://registry.npmjs.org/inkdrop-export-utils/-/inkdrop-export-utils-3.2.7.tgz",
      "integrity": "sha512-qfQPZKmlAdqgY8oKqFqEEjUJKAdsualrmxx2WPZ87AwL9LeyNm+PtneV/MejweFJ1uNiQQVuS5A4ebOGhJ9Vww==",
      "requires": {
        "inkdrop-model": "^2.6.2"
      }
    },
    "inkdrop-model": {
      "version": "2.6.2",
      "resolved": "https://registry.npmjs.org/inkdrop-model/-/inkdrop-model-2.6.2.tgz",
      "integrity": "sha512-rm3NCCK/K6IXGBeKgDjdHgq2D5HXTUo/j3pUfNAFNo0Qe1I8VC9NpxwTxJbYo5ZMbJXAFpLf5RwJ1yOJNLps1g=="
    }
  }
}
